
Microsoft Visual Studio Solution File, Format Version 12.00
# Visual Studio Version 16
VisualStudioVersion = 16.0.28809.33
MinimumVisualStudioVersion = 10.0.40219.1
Project("{FAE04EC0-301F-11D3-BF4B-00C04F79EFBC}") = "Hackajob", "Hackajob\Hackajob.csproj", "{4C9BB7AC-6911-4F4B-9ACB-33CEA9994198}"
EndProject
Global
	GlobalSection(SolutionConfigurationPlatforms) = preSolution
		Debug|Any CPU = Debug|Any CPU
		Release|Any CPU = Release|Any CPU
	EndGlobalSection
	GlobalSection(ProjectConfigurationPlatforms) = postSolution
		{4C9BB7AC-6911-4F4B-9ACB-33CEA9994198}.Debug|Any CPU.ActiveCfg = Debug|Any CPU
		{4C9BB7AC-6911-4F4B-9ACB-33CEA9994198}.Debug|Any CPU.Build.0 = Debug|Any CPU
		{4C9BB7AC-6911-4F4B-9ACB-33CEA9994198}.Release|Any CPU.ActiveCfg = Release|Any CPU
		{4C9BB7AC-6911-4F4B-9ACB-33CEA9994198}.Release|Any CPU.Build.0 = Release|Any CPU
	EndGlobalSection
	GlobalSection(SolutionProperties) = preSolution
		HideSolutionNode = FALSE
	EndGlobalSection
	GlobalSection(ExtensibilityGlobals) = postSolution
		SolutionGuid = {57595BFD-E753-4BD8-AAB2-3EBDC6647F34}
	EndGlobalSection
EndGlobal
